
Microsoft Visual Studio Solution File, Format Version 12.00
# Visual Studio Version 17
VisualStudioVersion = 17.10.35013.160
MinimumVisualStudioVersion = 10.0.40219.1
Project("{FAE04EC0-301F-11D3-BF4B-00C04F79EFBC}") = "Employees Manangement System", "Employees Manangement System.csproj", "{0C2E5A4A-947C-4F35-9A62-FF30E2729F56}"
EndProject
Global
	GlobalSection(SolutionConfigurationPlatforms) = preSolution
		Debug|Any CPU = Debug|Any CPU
		Release|Any CPU = Release|Any CPU
	EndGlobalSection
	GlobalSection(ProjectConfigurationPlatforms) = postSolution
		{0C2E5A4A-947C-4F35-9A62-FF30E2729F56}.Debug|Any CPU.ActiveCfg = Debug|Any CPU
		{0C2E5A4A-947C-4F35-9A62-FF30E2729F56}.Debug|Any CPU.Build.0 = Debug|Any CPU
		{0C2E5A4A-947C-4F35-9A62-FF30E2729F56}.Release|Any CPU.ActiveCfg = Release|Any CPU
		{0C2E5A4A-947C-4F35-9A62-FF30E2729F56}.Release|Any CPU.Build.0 = Release|Any CPU
	EndGlobalSection
	GlobalSection(SolutionProperties) = preSolution
		HideSolutionNode = FALSE
	EndGlobalSection
	GlobalSection(ExtensibilityGlobals) = postSolution
		SolutionGuid = {9BD307D2-0AC7-4EDE-A31B-B1B3C3A11E73}
	EndGlobalSection
EndGlobal
